
Microsoft Visual Studio Solution File, Format Version 12.00
# Visual Studio Version 17
VisualStudioVersion = 17.6.33829.357
MinimumVisualStudioVersion = 10.0.40219.1
Project("{8BC9CEB8-8B4A-11D0-8D11-00A0C91BC942}") = "libhook", "libhook\libhook.vcxproj", "{7DCC21CD-17CA-43F3-A0C3-C3AA55E85A58}"
EndProject
Project("{8BC9CEB8-8B4A-11D0-8D11-00A0C91BC942}") = "hook", "hook\hook.vcxproj", "{8EDE4229-43D6-45E9-A8BD-D86990F62A77}"
EndProject
Global
	GlobalSection(SolutionConfigurationPlatforms) = preSolution
		Debug|x64 = Debug|x64
		Debug|x86 = Debug|x86
		Release|x64 = Release|x64
		Release|x86 = Release|x86
	EndGlobalSection
	GlobalSection(ProjectConfigurationPlatforms) = postSolution
		{7DCC21CD-17CA-43F3-A0C3-C3AA55E85A58}.Debug|x64.ActiveCfg = Debug|x64
		{7DCC21CD-17CA-43F3-A0C3-C3AA55E85A58}.Debug|x64.Build.0 = Debug|x64
		{7DCC21CD-17CA-43F3-A0C3-C3AA55E85A58}.Debug|x86.ActiveCfg = Debug|Win32
		{7DCC21CD-17CA-43F3-A0C3-C3AA55E85A58}.Debug|x86.Build.0 = Debug|Win32
		{7DCC21CD-17CA-43F3-A0C3-C3AA55E85A58}.Release|x64.ActiveCfg = Release|x64
		{7DCC21CD-17CA-43F3-A0C3-C3AA55E85A58}.Release|x64.Build.0 = Release|x64
		{7DCC21CD-17CA-43F3-A0C3-C3AA55E85A58}.Release|x86.ActiveCfg = Release|Win32
		{7DCC21CD-17CA-43F3-A0C3-C3AA55E85A58}.Release|x86.Build.0 = Release|Win32
		{8EDE4229-43D6-45E9-A8BD-D86990F62A77}.Debug|x64.ActiveCfg = Debug|x64
		{8EDE4229-43D6-45E9-A8BD-D86990F62A77}.Debug|x64.Build.0 = Debug|x64
		{8EDE4229-43D6-45E9-A8BD-D86990F62A77}.Debug|x86.ActiveCfg = Debug|Win32
		{8EDE4229-43D6-45E9-A8BD-D86990F62A77}.Debug|x86.Build.0 = Debug|Win32
		{8EDE4229-43D6-45E9-A8BD-D86990F62A77}.Release|x64.ActiveCfg = Release|x64
		{8EDE4229-43D6-45E9-A8BD-D86990F62A77}.Release|x64.Build.0 = Release|x64
		{8EDE4229-43D6-45E9-A8BD-D86990F62A77}.Release|x86.ActiveCfg = Release|Win32
		{8EDE4229-43D6-45E9-A8BD-D86990F62A77}.Release|x86.Build.0 = Release|Win32
	EndGlobalSection
	GlobalSection(SolutionProperties) = preSolution
		HideSolutionNode = FALSE
	EndGlobalSection
	GlobalSection(ExtensibilityGlobals) = postSolution
		SolutionGuid = {3B886A45-724E-45AC-B386-6D6CA08A1C86}
	EndGlobalSection
EndGlobal
